
Microsoft Visual Studio Solution File, Format Version 12.00
# Visual Studio Version 16
VisualStudioVersion = 16.0.30413.136
MinimumVisualStudioVersion = 10.0.40219.1
Project("{9A19103F-16F7-4668-BE54-9A1E7A4F7556}") = "DemoApplication", "DemoApplication\DemoApplication.csproj", "{D4CCA7AB-E609-450C-8F49-F9045D56A912}"
EndProject
Project("{9A19103F-16F7-4668-BE54-9A1E7A4F7556}") = "ClassLibrary", "ClassLibrary\ClassLibrary.csproj", "{781886D6-AD9E-4D2E-96AF-0E13E3662F37}"
EndProject
Project("{9A19103F-16F7-4668-BE54-9A1E7A4F7556}") = "BlazorApp", "BlazorApp\BlazorApp.csproj", "{28D3B632-3FD0-4BA0-90FD-258BD0E59C61}"
EndProject
Global
	GlobalSection(SolutionConfigurationPlatforms) = preSolution
		Debug|Any CPU = Debug|Any CPU
		Release|Any CPU = Release|Any CPU
	EndGlobalSection
	GlobalSection(ProjectConfigurationPlatforms) = postSolution
		{D4CCA7AB-E609-450C-8F49-F9045D56A912}.Debug|Any CPU.ActiveCfg = Debug|Any CPU
		{D4CCA7AB-E609-450C-8F49-F9045D56A912}.Debug|Any CPU.Build.0 = Debug|Any CPU
		{D4CCA7AB-E609-450C-8F49-F9045D56A912}.Release|Any CPU.ActiveCfg = Release|Any CPU
		{D4CCA7AB-E609-450C-8F49-F9045D56A912}.Release|Any CPU.Build.0 = Release|Any CPU
		{781886D6-AD9E-4D2E-96AF-0E13E3662F37}.Debug|Any CPU.ActiveCfg = Debug|Any CPU
		{781886D6-AD9E-4D2E-96AF-0E13E3662F37}.Debug|Any CPU.Build.0 = Debug|Any CPU
		{781886D6-AD9E-4D2E-96AF-0E13E3662F37}.Release|Any CPU.ActiveCfg = Release|Any CPU
		{781886D6-AD9E-4D2E-96AF-0E13E3662F37}.Release|Any CPU.Build.0 = Release|Any CPU
		{28D3B632-3FD0-4BA0-90FD-258BD0E59C61}.Debug|Any CPU.ActiveCfg = Debug|Any CPU
		{28D3B632-3FD0-4BA0-90FD-258BD0E59C61}.Debug|Any CPU.Build.0 = Debug|Any CPU
		{28D3B632-3FD0-4BA0-90FD-258BD0E59C61}.Release|Any CPU.ActiveCfg = Release|Any CPU
		{28D3B632-3FD0-4BA0-90FD-258BD0E59C61}.Release|Any CPU.Build.0 = Release|Any CPU
	EndGlobalSection
	GlobalSection(SolutionProperties) = preSolution
		HideSolutionNode = FALSE
	EndGlobalSection
	GlobalSection(ExtensibilityGlobals) = postSolution
		SolutionGuid = {D4431018-E0A4-46F4-9A82-630F1A9FD1C5}
	EndGlobalSection
EndGlobal
